
Microsoft Visual Studio Solution File, Format Version 12.00
# Visual Studio Version 16
VisualStudioVersion = 16.0.31205.134
MinimumVisualStudioVersion = 10.0.40219.1
Project("{FAE04EC0-301F-11D3-BF4B-00C04F79EFBC}") = "PizzaLoveApp.Entity", "PizzaLoveApp.Entity\PizzaLoveApp.Entity.csproj", "{311C1496-D624-46B8-A8C4-D132D538B53C}"
EndProject
Global
	GlobalSection(SolutionConfigurationPlatforms) = preSolution
		Debug|Any CPU = Debug|Any CPU
		Release|Any CPU = Release|Any CPU
	EndGlobalSection
	GlobalSection(ProjectConfigurationPlatforms) = postSolution
		{311C1496-D624-46B8-A8C4-D132D538B53C}.Debug|Any CPU.ActiveCfg = Debug|Any CPU
		{311C1496-D624-46B8-A8C4-D132D538B53C}.Debug|Any CPU.Build.0 = Debug|Any CPU
		{311C1496-D624-46B8-A8C4-D132D538B53C}.Release|Any CPU.ActiveCfg = Release|Any CPU
		{311C1496-D624-46B8-A8C4-D132D538B53C}.Release|Any CPU.Build.0 = Release|Any CPU
	EndGlobalSection
	GlobalSection(SolutionProperties) = preSolution
		HideSolutionNode = FALSE
	EndGlobalSection
	GlobalSection(ExtensibilityGlobals) = postSolution
		SolutionGuid = {3A1F296E-D939-4BE6-A80B-5B89008F8A62}
	EndGlobalSection
EndGlobal
